github.com/ianlancetaylor/cgosymbolizer v0.0.0-20260504013507-f4b012c11129 h1:ih8K3uz7eATRX/Y6HRpCNVWArsI/65kICdUEpO5Lle8=
github.com/ianlancetaylor/cgosymbolizer v0.0.0-20260504013507-f4b012c11129/go.mod h1:DvXTE/K/RtHehxU8/GtDs4vFtfw64jJ3PaCnFri8CRg=
golang.org/x/sys v0.31.0 h1:ioabZlmFYtWhL+TRYpcnNlLwhyxaM9kWTDEmfnprqik=
golang.org/x/sys v0.31.0/go.mod h1:BJP2sWEmIv4KK5OTEluFJCKSidICx8ciO85XgH3Ak8k=
