github.com/ianlancetaylor/cgosymbolizer v0.0.0-20241129212102-9c50ad6b591e h1:8AnObPi8WmIgjwcidUxaREhXMSpyUJeeSrIkZTXdabw=
github.com/ianlancetaylor/cgosymbolizer v0.0.0-20241129212102-9c50ad6b591e/go.mod h1:DvXTE/K/RtHehxU8/GtDs4vFtfw64jJ3PaCnFri8CRg=
golang.org/x/sys v0.31.0 h1:ioabZlmFYtWhL+TRYpcnNlLwhyxaM9kWTDEmfnprqik=
golang.org/x/sys v0.31.0/go.mod h1:BJP2sWEmIv4KK5OTEluFJCKSidICx8ciO85XgH3Ak8k=
